{
  "name": "citadel-native-parser-assets",
  "version": "1.0.0",
  "lockfileVersion": 3,
  "requires": true,
  "packages": {
    "": {
      "name": "citadel-native-parser-assets",
      "version": "1.0.0",
      "devDependencies": {
        "@tree-sitter-grammars/tree-sitter-hcl": "1.2.0",
        "tree-sitter-json": "0.24.8",
        "web-tree-sitter": "0.25.10"
      }
    },
    "node_modules/@tree-sitter-grammars/tree-sitter-hcl": {
      "version": "1.2.0",
      "resolved": "https://registry.npmjs.org/@tree-sitter-grammars/tree-sitter-hcl/-/tree-sitter-hcl-1.2.0.tgz",
      "integrity": "sha512-2bVnOojkkdMLevp0G4v3ksbNoOQFc/Pt9GAdWX4i3aykVyI+CkktE1hsF/XAeUQFjwgGrVZnEyeCll5oD7Ibfg==",
      "dev": true,
      "hasInstallScript": true,
      "license": "Apache-2.0",
      "dependencies": {
        "node-addon-api": "^8.3.1",
        "node-gyp-build": "^4.8.4"
      },
      "peerDependencies": {
        "tree-sitter": "^0.25.0"
      },
      "peerDependenciesMeta": {
        "tree-sitter": {
          "optional": true
        }
      }
    },
    "node_modules/node-addon-api": {
      "version": "8.9.2",
      "resolved": "https://registry.npmjs.org/node-addon-api/-/node-addon-api-8.9.2.tgz",
      "integrity": "sha512-VijLXbi3UACN69I0JVXJsX4tjACjNoQDgv2gTF6sx2wWEi8tkSg2eX8p5gSIFi8z2+DL3oHmY6OyKce38SDolg==",
      "dev": true,
      "license": "MIT",
      "engines": {
        "node": "^18 || ^20 || >= 21"
      }
    },
    "node_modules/node-gyp-build": {
      "version": "4.8.4",
      "resolved": "https://registry.npmjs.org/node-gyp-build/-/node-gyp-build-4.8.4.tgz",
      "integrity": "sha512-LA4ZjwlnUblHVgq0oBF3Jl/6h/Nvs5fzBLwdEF4nuxnFdsfajde4WfxtJr3CaiH+F6ewcIB/q4jQ4UzPyid+CQ==",
      "dev": true,
      "license": "MIT",
      "bin": {
        "node-gyp-build": "bin.js",
        "node-gyp-build-optional": "optional.js",
        "node-gyp-build-test": "build-test.js"
      }
    },
    "node_modules/tree-sitter-json": {
      "version": "0.24.8",
      "resolved": "https://registry.npmjs.org/tree-sitter-json/-/tree-sitter-json-0.24.8.tgz",
      "integrity": "sha512-Tc9ZZYwHyWZ3Tt1VEw7Pa2scu1YO7/d2BCBbKTx5hXwig3UfdQjsOPkPyLpDJOn/m1UBEWYAtSdGAwCSyagBqQ==",
      "dev": true,
      "hasInstallScript": true,
      "license": "MIT",
      "dependencies": {
        "node-addon-api": "^8.2.2",
        "node-gyp-build": "^4.8.2"
      },
      "peerDependencies": {
        "tree-sitter": "^0.21.1"
      },
      "peerDependenciesMeta": {
        "tree-sitter": {
          "optional": true
        }
      }
    },
    "node_modules/web-tree-sitter": {
      "version": "0.25.10",
      "resolved": "https://registry.npmjs.org/web-tree-sitter/-/web-tree-sitter-0.25.10.tgz",
      "integrity": "sha512-Y09sF44/13XvgVKgO2cNDw5rGk6s26MgoZPXLESvMXeefBf7i6/73eFurre0IsTW6E14Y0ArIzhUMmjoc7xyzA==",
      "dev": true,
      "license": "MIT",
      "peerDependencies": {
        "@types/emscripten": "^1.40.0"
      },
      "peerDependenciesMeta": {
        "@types/emscripten": {
          "optional": true
        }
      }
    }
  }
}
